
Microsoft Visual Studio Solution File, Format Version 12.00
# Visual Studio 15
VisualStudioVersion = 15.0.27130.2036
MinimumVisualStudioVersion = 10.0.40219.1
Project("{FAE04EC0-301F-11D3-BF4B-00C04F79EFBC}") = "SeleniumDemo", "SeleniumDemo\SeleniumDemo.csproj", "{08A5C25B-29DB-419B-97C3-7DDBC51AB652}"
EndProject
Global
	GlobalSection(SolutionConfigurationPlatforms) = preSolution
		Debug|Any CPU = Debug|Any CPU
		Release|Any CPU = Release|Any CPU
	EndGlobalSection
	GlobalSection(ProjectConfigurationPlatforms) = postSolution
		{08A5C25B-29DB-419B-97C3-7DDBC51AB652}.Debug|Any CPU.ActiveCfg = Debug|Any CPU
		{08A5C25B-29DB-419B-97C3-7DDBC51AB652}.Debug|Any CPU.Build.0 = Debug|Any CPU
		{08A5C25B-29DB-419B-97C3-7DDBC51AB652}.Release|Any CPU.ActiveCfg = Release|Any CPU
		{08A5C25B-29DB-419B-97C3-7DDBC51AB652}.Release|Any CPU.Build.0 = Release|Any CPU
	EndGlobalSection
	GlobalSection(SolutionProperties) = preSolution
		HideSolutionNode = FALSE
	EndGlobalSection
	GlobalSection(ExtensibilityGlobals) = postSolution
		SolutionGuid = {B5C1AD94-8B4C-4DC3-AB5D-94BF4A5FF8F4}
	EndGlobalSection
EndGlobal
